
Microsoft Visual Studio Solution File, Format Version 12.00
# Visual Studio Version 17
VisualStudioVersion = 17.7.34024.191
MinimumVisualStudioVersion = 10.0.40219.1
Project("{FAE04EC0-301F-11D3-BF4B-00C04F79EFBC}") = "Proga_3_1_ssh_3sem", "Proga_3_1_ssh_3sem\Proga_3_1_ssh_3sem.csproj", "{C5AD216C-5B28-434D-A2BB-277BD7FD2FEB}"
EndProject
Global
	GlobalSection(SolutionConfigurationPlatforms) = preSolution
		Debug|Any CPU = Debug|Any CPU
		Release|Any CPU = Release|Any CPU
	EndGlobalSection
	GlobalSection(ProjectConfigurationPlatforms) = postSolution
		{C5AD216C-5B28-434D-A2BB-277BD7FD2FEB}.Debug|Any CPU.ActiveCfg = Debug|Any CPU
		{C5AD216C-5B28-434D-A2BB-277BD7FD2FEB}.Debug|Any CPU.Build.0 = Debug|Any CPU
		{C5AD216C-5B28-434D-A2BB-277BD7FD2FEB}.Release|Any CPU.ActiveCfg = Release|Any CPU
		{C5AD216C-5B28-434D-A2BB-277BD7FD2FEB}.Release|Any CPU.Build.0 = Release|Any CPU
	EndGlobalSection
	GlobalSection(SolutionProperties) = preSolution
		HideSolutionNode = FALSE
	EndGlobalSection
	GlobalSection(ExtensibilityGlobals) = postSolution
		SolutionGuid = {92889A54-9591-4447-896D-16C8EFB08B25}
	EndGlobalSection
EndGlobal
